
Microsoft Visual Studio Solution File, Format Version 12.00
# Visual Studio Version 16
VisualStudioVersion = 16.0.31410.357
MinimumVisualStudioVersion = 10.0.40219.1
Project("{FAE04EC0-301F-11D3-BF4B-00C04F79EFBC}") = "PrintingProductsProcessing.ConsoleApp", "PrintingProductsProcessing.ConsoleApp\PrintingProductsProcessing.ConsoleApp.csproj", "{67655882-1E77-4D52-B08E-6A5D74A6F5C4}"
EndProject
Project("{FAE04EC0-301F-11D3-BF4B-00C04F79EFBC}") = "PrintingProductsProcessing.Lib", "PrintingProductsProcessing.Lib\PrintingProductsProcessing.Lib.csproj", "{C1666F76-2FD2-4385-A4E0-47D239099C9F}"
EndProject
Project("{2150E333-8FDC-42A3-9474-1A3956D46DE8}") = "Solution Items", "Solution Items", "{6967934F-87A6-4B83-A55D-AAAB6E7D0E3C}"
	ProjectSection(SolutionItems) = preProject
		README.md = README.md
	EndProjectSection
EndProject
Global
	GlobalSection(SolutionConfigurationPlatforms) = preSolution
		Debug|Any CPU = Debug|Any CPU
		Release|Any CPU = Release|Any CPU
	EndGlobalSection
	GlobalSection(ProjectConfigurationPlatforms) = postSolution
		{67655882-1E77-4D52-B08E-6A5D74A6F5C4}.Debug|Any CPU.ActiveCfg = Debug|Any CPU
		{67655882-1E77-4D52-B08E-6A5D74A6F5C4}.Debug|Any CPU.Build.0 = Debug|Any CPU
		{67655882-1E77-4D52-B08E-6A5D74A6F5C4}.Release|Any CPU.ActiveCfg = Release|Any CPU
		{67655882-1E77-4D52-B08E-6A5D74A6F5C4}.Release|Any CPU.Build.0 = Release|Any CPU
		{C1666F76-2FD2-4385-A4E0-47D239099C9F}.Debug|Any CPU.ActiveCfg = Debug|Any CPU
		{C1666F76-2FD2-4385-A4E0-47D239099C9F}.Debug|Any CPU.Build.0 = Debug|Any CPU
		{C1666F76-2FD2-4385-A4E0-47D239099C9F}.Release|Any CPU.ActiveCfg = Release|Any CPU
		{C1666F76-2FD2-4385-A4E0-47D239099C9F}.Release|Any CPU.Build.0 = Release|Any CPU
	EndGlobalSection
	GlobalSection(SolutionProperties) = preSolution
		HideSolutionNode = FALSE
	EndGlobalSection
	GlobalSection(ExtensibilityGlobals) = postSolution
		SolutionGuid = {F576329A-6674-4DF1-BE47-F8C87A890F5C}
	EndGlobalSection
EndGlobal
